
Microsoft Visual Studio Solution File, Format Version 12.00
# Visual Studio Version 17
VisualStudioVersion = 17.0.31903.59
MinimumVisualStudioVersion = 10.0.40219.1
Project("{2150E333-8FDC-42A3-9474-1A3956D46DE8}") = "src", "src", "{827E0CD3-B72D-47B6-A68D-7590B98EB39B}"
EndProject
Project("{2150E333-8FDC-42A3-9474-1A3956D46DE8}") = "backend", "backend", "{FE360695-3F2B-1049-3887-35FBB5135923}"
EndProject
Project("{FAE04EC0-301F-11D3-BF4B-00C04F79EFBC}") = "QrPortal.Api", "src\backend\QrPortal.Api\QrPortal.Api.csproj", "{8F9ED324-2242-4228-B8D5-3E871373E0E4}"
EndProject
Project("{FAE04EC0-301F-11D3-BF4B-00C04F79EFBC}") = "QrPortal.Application", "src\backend\QrPortal.Application\QrPortal.Application.csproj", "{FEBE61AA-CE4F-4E36-9F25-50164E31F487}"
EndProject
Project("{FAE04EC0-301F-11D3-BF4B-00C04F79EFBC}") = "QrPortal.Domain", "src\backend\QrPortal.Domain\QrPortal.Domain.csproj", "{A2B4771E-0611-4349-A7D4-81D6E8B3B554}"
EndProject
Project("{FAE04EC0-301F-11D3-BF4B-00C04F79EFBC}") = "QrPortal.Infrastructure", "src\backend\QrPortal.Infrastructure\QrPortal.Infrastructure.csproj", "{B6217059-3C38-4FCA-A025-AE93B31E98C9}"
EndProject
Project("{2150E333-8FDC-42A3-9474-1A3956D46DE8}") = "tests", "tests", "{0AB3BF05-4346-4AA6-1389-037BE0695223}"
EndProject
Project("{FAE04EC0-301F-11D3-BF4B-00C04F79EFBC}") = "QrPortal.UnitTests", "tests\QrPortal.UnitTests\QrPortal.UnitTests.csproj", "{C3BB4323-7E01-41F8-8176-565518AE5B39}"
EndProject
Project("{FAE04EC0-301F-11D3-BF4B-00C04F79EFBC}") = "QrPortal.IntegrationTests", "tests\QrPortal.IntegrationTests\QrPortal.IntegrationTests.csproj", "{9F80FAA6-8B35-486D-86E0-5A025823775F}"
EndProject
Global
	GlobalSection(SolutionConfigurationPlatforms) = preSolution
		Debug|Any CPU = Debug|Any CPU
		Debug|x64 = Debug|x64
		Debug|x86 = Debug|x86
		Release|Any CPU = Release|Any CPU
		Release|x64 = Release|x64
		Release|x86 = Release|x86
	EndGlobalSection
	GlobalSection(ProjectConfigurationPlatforms) = postSolution
		{8F9ED324-2242-4228-B8D5-3E871373E0E4}.Debug|Any CPU.ActiveCfg = Debug|Any CPU
		{8F9ED324-2242-4228-B8D5-3E871373E0E4}.Debug|Any CPU.Build.0 = Debug|Any CPU
		{8F9ED324-2242-4228-B8D5-3E871373E0E4}.Debug|x64.ActiveCfg = Debug|Any CPU
		{8F9ED324-2242-4228-B8D5-3E871373E0E4}.Debug|x64.Build.0 = Debug|Any CPU
		{8F9ED324-2242-4228-B8D5-3E871373E0E4}.Debug|x86.ActiveCfg = Debug|Any CPU
		{8F9ED324-2242-4228-B8D5-3E871373E0E4}.Debug|x86.Build.0 = Debug|Any CPU
		{8F9ED324-2242-4228-B8D5-3E871373E0E4}.Release|Any CPU.ActiveCfg = Release|Any CPU
		{8F9ED324-2242-4228-B8D5-3E871373E0E4}.Release|Any CPU.Build.0 = Release|Any CPU
		{8F9ED324-2242-4228-B8D5-3E871373E0E4}.Release|x64.ActiveCfg = Release|Any CPU
		{8F9ED324-2242-4228-B8D5-3E871373E0E4}.Release|x64.Build.0 = Release|Any CPU
		{8F9ED324-2242-4228-B8D5-3E871373E0E4}.Release|x86.ActiveCfg = Release|Any CPU
		{8F9ED324-2242-4228-B8D5-3E871373E0E4}.Release|x86.Build.0 = Release|Any CPU
		{FEBE61AA-CE4F-4E36-9F25-50164E31F487}.Debug|Any CPU.ActiveCfg = Debug|Any CPU
		{FEBE61AA-CE4F-4E36-9F25-50164E31F487}.Debug|Any CPU.Build.0 = Debug|Any CPU
		{FEBE61AA-CE4F-4E36-9F25-50164E31F487}.Debug|x64.ActiveCfg = Debug|Any CPU
		{FEBE61AA-CE4F-4E36-9F25-50164E31F487}.Debug|x64.Build.0 = Debug|Any CPU
		{FEBE61AA-CE4F-4E36-9F25-50164E31F487}.Debug|x86.ActiveCfg = Debug|Any CPU
		{FEBE61AA-CE4F-4E36-9F25-50164E31F487}.Debug|x86.Build.0 = Debug|Any CPU
		{FEBE61AA-CE4F-4E36-9F25-50164E31F487}.Release|Any CPU.ActiveCfg = Release|Any CPU
		{FEBE61AA-CE4F-4E36-9F25-50164E31F487}.Release|Any CPU.Build.0 = Release|Any CPU
		{FEBE61AA-CE4F-4E36-9F25-50164E31F487}.Release|x64.ActiveCfg = Release|Any CPU
		{FEBE61AA-CE4F-4E36-9F25-50164E31F487}.Release|x64.Build.0 = Release|Any CPU
		{FEBE61AA-CE4F-4E36-9F25-50164E31F487}.Release|x86.ActiveCfg = Release|Any CPU
		{FEBE61AA-CE4F-4E36-9F25-50164E31F487}.Release|x86.Build.0 = Release|Any CPU
		{A2B4771E-0611-4349-A7D4-81D6E8B3B554}.Debug|Any CPU.ActiveCfg = Debug|Any CPU
		{A2B4771E-0611-4349-A7D4-81D6E8B3B554}.Debug|Any CPU.Build.0 = Debug|Any CPU
		{A2B4771E-0611-4349-A7D4-81D6E8B3B554}.Debug|x64.ActiveCfg = Debug|Any CPU
		{A2B4771E-0611-4349-A7D4-81D6E8B3B554}.Debug|x64.Build.0 = Debug|Any CPU
		{A2B4771E-0611-4349-A7D4-81D6E8B3B554}.Debug|x86.ActiveCfg = Debug|Any CPU
		{A2B4771E-0611-4349-A7D4-81D6E8B3B554}.Debug|x86.Build.0 = Debug|Any CPU
		{A2B4771E-0611-4349-A7D4-81D6E8B3B554}.Release|Any CPU.ActiveCfg = Release|Any CPU
		{A2B4771E-0611-4349-A7D4-81D6E8B3B554}.Release|Any CPU.Build.0 = Release|Any CPU
		{A2B4771E-0611-4349-A7D4-81D6E8B3B554}.Release|x64.ActiveCfg = Release|Any CPU
		{A2B4771E-0611-4349-A7D4-81D6E8B3B554}.Release|x64.Build.0 = Release|Any CPU
		{A2B4771E-0611-4349-A7D4-81D6E8B3B554}.Release|x86.ActiveCfg = Release|Any CPU
		{A2B4771E-0611-4349-A7D4-81D6E8B3B554}.Release|x86.Build.0 = Release|Any CPU
		{B6217059-3C38-4FCA-A025-AE93B31E98C9}.Debug|Any CPU.ActiveCfg = Debug|Any CPU
		{B6217059-3C38-4FCA-A025-AE93B31E98C9}.Debug|Any CPU.Build.0 = Debug|Any CPU
		{B6217059-3C38-4FCA-A025-AE93B31E98C9}.Debug|x64.ActiveCfg = Debug|Any CPU
		{B6217059-3C38-4FCA-A025-AE93B31E98C9}.Debug|x64.Build.0 = Debug|Any CPU
		{B6217059-3C38-4FCA-A025-AE93B31E98C9}.Debug|x86.ActiveCfg = Debug|Any CPU
		{B6217059-3C38-4FCA-A025-AE93B31E98C9}.Debug|x86.Build.0 = Debug|Any CPU
		{B6217059-3C38-4FCA-A025-AE93B31E98C9}.Release|Any CPU.ActiveCfg = Release|Any CPU
		{B6217059-3C38-4FCA-A025-AE93B31E98C9}.Release|Any CPU.Build.0 = Release|Any CPU
		{B6217059-3C38-4FCA-A025-AE93B31E98C9}.Release|x64.ActiveCfg = Release|Any CPU
		{B6217059-3C38-4FCA-A025-AE93B31E98C9}.Release|x64.Build.0 = Release|Any CPU
		{B6217059-3C38-4FCA-A025-AE93B31E98C9}.Release|x86.ActiveCfg = Release|Any CPU
		{B6217059-3C38-4FCA-A025-AE93B31E98C9}.Release|x86.Build.0 = Release|Any CPU
		{C3BB4323-7E01-41F8-8176-565518AE5B39}.Debug|Any CPU.ActiveCfg = Debug|Any CPU
		{C3BB4323-7E01-41F8-8176-565518AE5B39}.Debug|Any CPU.Build.0 = Debug|Any CPU
		{C3BB4323-7E01-41F8-8176-565518AE5B39}.Debug|x64.ActiveCfg = Debug|Any CPU
		{C3BB4323-7E01-41F8-8176-565518AE5B39}.Debug|x64.Build.0 = Debug|Any CPU
		{C3BB4323-7E01-41F8-8176-565518AE5B39}.Debug|x86.ActiveCfg = Debug|Any CPU
		{C3BB4323-7E01-41F8-8176-565518AE5B39}.Debug|x86.Build.0 = Debug|Any CPU
		{C3BB4323-7E01-41F8-8176-565518AE5B39}.Release|Any CPU.ActiveCfg = Release|Any CPU
		{C3BB4323-7E01-41F8-8176-565518AE5B39}.Release|Any CPU.Build.0 = Release|Any CPU
		{C3BB4323-7E01-41F8-8176-565518AE5B39}.Release|x64.ActiveCfg = Release|Any CPU
		{C3BB4323-7E01-41F8-8176-565518AE5B39}.Release|x64.Build.0 = Release|Any CPU
		{C3BB4323-7E01-41F8-8176-565518AE5B39}.Release|x86.ActiveCfg = Release|Any CPU
		{C3BB4323-7E01-41F8-8176-565518AE5B39}.Release|x86.Build.0 = Release|Any CPU
		{9F80FAA6-8B35-486D-86E0-5A025823775F}.Debug|Any CPU.ActiveCfg = Debug|Any CPU
		{9F80FAA6-8B35-486D-86E0-5A025823775F}.Debug|Any CPU.Build.0 = Debug|Any CPU
		{9F80FAA6-8B35-486D-86E0-5A025823775F}.Debug|x64.ActiveCfg = Debug|Any CPU
		{9F80FAA6-8B35-486D-86E0-5A025823775F}.Debug|x64.Build.0 = Debug|Any CPU
		{9F80FAA6-8B35-486D-86E0-5A025823775F}.Debug|x86.ActiveCfg = Debug|Any CPU
		{9F80FAA6-8B35-486D-86E0-5A025823775F}.Debug|x86.Build.0 = Debug|Any CPU
		{9F80FAA6-8B35-486D-86E0-5A025823775F}.Release|Any CPU.ActiveCfg = Release|Any CPU
		{9F80FAA6-8B35-486D-86E0-5A025823775F}.Release|Any CPU.Build.0 = Release|Any CPU
		{9F80FAA6-8B35-486D-86E0-5A025823775F}.Release|x64.ActiveCfg = Release|Any CPU
		{9F80FAA6-8B35-486D-86E0-5A025823775F}.Release|x64.Build.0 = Release|Any CPU
		{9F80FAA6-8B35-486D-86E0-5A025823775F}.Release|x86.ActiveCfg = Release|Any CPU
		{9F80FAA6-8B35-486D-86E0-5A025823775F}.Release|x86.Build.0 = Release|Any CPU
	EndGlobalSection
	GlobalSection(SolutionProperties) = preSolution
		HideSolutionNode = FALSE
	EndGlobalSection
	GlobalSection(NestedProjects) = preSolution
		{FE360695-3F2B-1049-3887-35FBB5135923} = {827E0CD3-B72D-47B6-A68D-7590B98EB39B}
		{8F9ED324-2242-4228-B8D5-3E871373E0E4} = {FE360695-3F2B-1049-3887-35FBB5135923}
		{FEBE61AA-CE4F-4E36-9F25-50164E31F487} = {FE360695-3F2B-1049-3887-35FBB5135923}
		{A2B4771E-0611-4349-A7D4-81D6E8B3B554} = {FE360695-3F2B-1049-3887-35FBB5135923}
		{B6217059-3C38-4FCA-A025-AE93B31E98C9} = {FE360695-3F2B-1049-3887-35FBB5135923}
		{C3BB4323-7E01-41F8-8176-565518AE5B39} = {0AB3BF05-4346-4AA6-1389-037BE0695223}
		{9F80FAA6-8B35-486D-86E0-5A025823775F} = {0AB3BF05-4346-4AA6-1389-037BE0695223}
	EndGlobalSection
EndGlobal
